dependencies:
- name: flyte-core
  repository: https://flyteorg.github.io/flyte/
  version: v1.4.0
- name: opencost
  repository: https://opencost.github.io/opencost-helm-chart
  version: 1.12.0
digest: sha256:576e167824c4a060904dcd59c3e9ce243a67a18d4663a75db919a2aa6b455ec4
generated: "2023-05-02T21:12:54.085628002Z"
